
Microsoft Visual Studio Solution File, Format Version 12.00
# Visual Studio Version 17
VisualStudioVersion = 17.3.32929.385
MinimumVisualStudioVersion = 10.0.40219.1
Project("{FAE04EC0-301F-11D3-BF4B-00C04F79EFBC}") = "FitnessCentar", "FitnessCentar\FitnessCentar.csproj", "{1CEE15CA-7C9A-4379-A0CB-BC87B7E5DFE8}"
EndProject
Project("{FAE04EC0-301F-11D3-BF4B-00C04F79EFBC}") = "FitnessCenatr.Model", "FitnessCenatr.Model\FitnessCenatr.Model.csproj", "{1DEFB8D9-FF1B-40A6-8B04-18674DEFC097}"
EndProject
Project("{FAE04EC0-301F-11D3-BF4B-00C04F79EFBC}") = "FitnessCentar.Services", "FitnessCentar.Services\FitnessCentar.Services.csproj", "{7A541A76-39F9-44DB-9678-440A1CB6D409}"
EndProject
Global
	GlobalSection(SolutionConfigurationPlatforms) = preSolution
		Debug|Any CPU = Debug|Any CPU
		Release|Any CPU = Release|Any CPU
	EndGlobalSection
	GlobalSection(ProjectConfigurationPlatforms) = postSolution
		{1CEE15CA-7C9A-4379-A0CB-BC87B7E5DFE8}.Debug|Any CPU.ActiveCfg = Debug|Any CPU
		{1CEE15CA-7C9A-4379-A0CB-BC87B7E5DFE8}.Debug|Any CPU.Build.0 = Debug|Any CPU
		{1CEE15CA-7C9A-4379-A0CB-BC87B7E5DFE8}.Release|Any CPU.ActiveCfg = Release|Any CPU
		{1CEE15CA-7C9A-4379-A0CB-BC87B7E5DFE8}.Release|Any CPU.Build.0 = Release|Any CPU
		{1DEFB8D9-FF1B-40A6-8B04-18674DEFC097}.Debug|Any CPU.ActiveCfg = Debug|Any CPU
		{1DEFB8D9-FF1B-40A6-8B04-18674DEFC097}.Debug|Any CPU.Build.0 = Debug|Any CPU
		{1DEFB8D9-FF1B-40A6-8B04-18674DEFC097}.Release|Any CPU.ActiveCfg = Release|Any CPU
		{1DEFB8D9-FF1B-40A6-8B04-18674DEFC097}.Release|Any CPU.Build.0 = Release|Any CPU
		{7A541A76-39F9-44DB-9678-440A1CB6D409}.Debug|Any CPU.ActiveCfg = Debug|Any CPU
		{7A541A76-39F9-44DB-9678-440A1CB6D409}.Debug|Any CPU.Build.0 = Debug|Any CPU
		{7A541A76-39F9-44DB-9678-440A1CB6D409}.Release|Any CPU.ActiveCfg = Release|Any CPU
		{7A541A76-39F9-44DB-9678-440A1CB6D409}.Release|Any CPU.Build.0 = Release|Any CPU
	EndGlobalSection
	GlobalSection(SolutionProperties) = preSolution
		HideSolutionNode = FALSE
	EndGlobalSection
	GlobalSection(ExtensibilityGlobals) = postSolution
		SolutionGuid = {6A4E5355-6E22-428A-9B16-E5535E005C8C}
	EndGlobalSection
EndGlobal
